
Microsoft Visual Studio Solution File, Format Version 12.00
# Visual Studio Version 16
VisualStudioVersion = 16.0.30114.105
MinimumVisualStudioVersion = 10.0.40219.1
Project("{2150E333-8FDC-42A3-9474-1A3956D46DE8}") = "src", "src", "{6F50D408-93D4-4086-A6EE-6AD113F33F07}"
EndProject
Project("{FAE04EC0-301F-11D3-BF4B-00C04F79EFBC}") = "Voterr.Candidates.Api", "src\Voterr.Candidates.Api\Voterr.Candidates.Api.csproj", "{05794B58-E68A-4437-B7AF-88470B6D0632}"
EndProject
Global
	GlobalSection(SolutionConfigurationPlatforms) = preSolution
		Debug|Any CPU = Debug|Any CPU
		Debug|x64 = Debug|x64
		Debug|x86 = Debug|x86
		Release|Any CPU = Release|Any CPU
		Release|x64 = Release|x64
		Release|x86 = Release|x86
	EndGlobalSection
	GlobalSection(SolutionProperties) = preSolution
		HideSolutionNode = FALSE
	EndGlobalSection
	GlobalSection(NestedProjects) = preSolution
		{05794B58-E68A-4437-B7AF-88470B6D0632} = {6F50D408-93D4-4086-A6EE-6AD113F33F07}
	EndGlobalSection
	GlobalSection(ProjectConfigurationPlatforms) = postSolution
		{05794B58-E68A-4437-B7AF-88470B6D0632}.Debug|Any CPU.ActiveCfg = Debug|Any CPU
		{05794B58-E68A-4437-B7AF-88470B6D0632}.Debug|Any CPU.Build.0 = Debug|Any CPU
		{05794B58-E68A-4437-B7AF-88470B6D0632}.Debug|x64.ActiveCfg = Debug|Any CPU
		{05794B58-E68A-4437-B7AF-88470B6D0632}.Debug|x64.Build.0 = Debug|Any CPU
		{05794B58-E68A-4437-B7AF-88470B6D0632}.Debug|x86.ActiveCfg = Debug|Any CPU
		{05794B58-E68A-4437-B7AF-88470B6D0632}.Debug|x86.Build.0 = Debug|Any CPU
		{05794B58-E68A-4437-B7AF-88470B6D0632}.Release|Any CPU.ActiveCfg = Release|Any CPU
		{05794B58-E68A-4437-B7AF-88470B6D0632}.Release|Any CPU.Build.0 = Release|Any CPU
		{05794B58-E68A-4437-B7AF-88470B6D0632}.Release|x64.ActiveCfg = Release|Any CPU
		{05794B58-E68A-4437-B7AF-88470B6D0632}.Release|x64.Build.0 = Release|Any CPU
		{05794B58-E68A-4437-B7AF-88470B6D0632}.Release|x86.ActiveCfg = Release|Any CPU
		{05794B58-E68A-4437-B7AF-88470B6D0632}.Release|x86.Build.0 = Release|Any CPU
	EndGlobalSection
EndGlobal
